
Microsoft Visual Studio Solution File, Format Version 12.00
# Visual Studio Version 18
VisualStudioVersion = 18.5.11723.231 stable
MinimumVisualStudioVersion = 10.0.40219.1
Project("{FAE04EC0-301F-11D3-BF4B-00C04F79EFBC}") = "BoardRentAndProperty", "BoardRentAndProperty\BoardRentAndProperty.csproj", "{C75BE71B-0D5E-4AAA-AF03-5EE10609297C}"
EndProject
Project("{FAE04EC0-301F-11D3-BF4B-00C04F79EFBC}") = "ServerCommunication", "ServerCommunication\ServerCommunication.csproj", "{7D3CBD7A-9156-4303-ACC5-E0FF156092C5}"
EndProject
Project("{FAE04EC0-301F-11D3-BF4B-00C04F79EFBC}") = "BoardRentAndProperty.Contracts", "BoardRentAndProperty.Contracts\BoardRentAndProperty.Contracts.csproj", "{752D850B-869C-4061-A1B8-91E4A68CA0C7}"
EndProject
Project("{FAE04EC0-301F-11D3-BF4B-00C04F79EFBC}") = "BoardRentAndProperty.ApiClient", "BoardRentAndProperty.ApiClient\BoardRentAndProperty.ApiClient.csproj", "{2E6A851A-2DC8-47E6-B453-CBBB0ED6FF3B}"
EndProject
Project("{FAE04EC0-301F-11D3-BF4B-00C04F79EFBC}") = "BoardRentAndProperty.Api", "BoardRentAndProperty.Api\BoardRentAndProperty.Api.csproj", "{6EBA2D7E-FFFF-43A5-A900-F6A298EBABD9}"
EndProject
Project("{FAE04EC0-301F-11D3-BF4B-00C04F79EFBC}") = "BoardRentAndProperty.Tests", "BoardRentAndProperty.Tests\BoardRentAndProperty.Tests.csproj", "{3635FF5C-B0C5-4AA2-BE16-E55D90D606A9}"
EndProject
Project("{FAE04EC0-301F-11D3-BF4B-00C04F79EFBC}") = "GUI-BRAP", "GUI-BRAP\GUI-BRAP.csproj", "{BA2A4AF6-89B6-48C4-82D5-A4DC65D00297}"
EndProject
Project("{FAE04EC0-301F-11D3-BF4B-00C04F79EFBC}") = "NotificationServer", "NotificationServer\NotificationServer.csproj", "{CF2CDD60-308D-4855-AA7D-0838D6DD69F9}"
EndProject
Project("{2150E333-8FDC-42A3-9474-1A3956D46DE8}") = "RemoveCommentsTool", "RemoveCommentsTool", "{3EF180D9-BF9B-E0F5-71C5-20E5566128DE}"
EndProject
Project("{FAE04EC0-301F-11D3-BF4B-00C04F79EFBC}") = "RemoveComments", "RemoveCommentsTool\RemoveComments.csproj", "{2608D785-7E26-4007-AA02-1CA68BC2B554}"
EndProject
Global
	GlobalSection(SolutionConfigurationPlatforms) = preSolution
		Debug|Any CPU = Debug|Any CPU
		Debug|x64 = Debug|x64
		Debug|x86 = Debug|x86
		Release|Any CPU = Release|Any CPU
		Release|x64 = Release|x64
		Release|x86 = Release|x86
	EndGlobalSection
	GlobalSection(ProjectConfigurationPlatforms) = postSolution
		{C75BE71B-0D5E-4AAA-AF03-5EE10609297C}.Debug|Any CPU.ActiveCfg = Debug|Any CPU
		{C75BE71B-0D5E-4AAA-AF03-5EE10609297C}.Debug|Any CPU.Build.0 = Debug|Any CPU
		{C75BE71B-0D5E-4AAA-AF03-5EE10609297C}.Debug|x64.ActiveCfg = Debug|Any CPU
		{C75BE71B-0D5E-4AAA-AF03-5EE10609297C}.Debug|x64.Build.0 = Debug|Any CPU
		{C75BE71B-0D5E-4AAA-AF03-5EE10609297C}.Debug|x86.ActiveCfg = Debug|Any CPU
		{C75BE71B-0D5E-4AAA-AF03-5EE10609297C}.Debug|x86.Build.0 = Debug|Any CPU
		{C75BE71B-0D5E-4AAA-AF03-5EE10609297C}.Release|Any CPU.ActiveCfg = Release|Any CPU
		{C75BE71B-0D5E-4AAA-AF03-5EE10609297C}.Release|Any CPU.Build.0 = Release|Any CPU
		{C75BE71B-0D5E-4AAA-AF03-5EE10609297C}.Release|x64.ActiveCfg = Release|Any CPU
		{C75BE71B-0D5E-4AAA-AF03-5EE10609297C}.Release|x64.Build.0 = Release|Any CPU
		{C75BE71B-0D5E-4AAA-AF03-5EE10609297C}.Release|x86.ActiveCfg = Release|Any CPU
		{C75BE71B-0D5E-4AAA-AF03-5EE10609297C}.Release|x86.Build.0 = Release|Any CPU
		{7D3CBD7A-9156-4303-ACC5-E0FF156092C5}.Debug|Any CPU.ActiveCfg = Debug|Any CPU
		{7D3CBD7A-9156-4303-ACC5-E0FF156092C5}.Debug|Any CPU.Build.0 = Debug|Any CPU
		{7D3CBD7A-9156-4303-ACC5-E0FF156092C5}.Debug|x64.ActiveCfg = Debug|x64
		{7D3CBD7A-9156-4303-ACC5-E0FF156092C5}.Debug|x64.Build.0 = Debug|x64
		{7D3CBD7A-9156-4303-ACC5-E0FF156092C5}.Debug|x86.ActiveCfg = Debug|Any CPU
		{7D3CBD7A-9156-4303-ACC5-E0FF156092C5}.Debug|x86.Build.0 = Debug|Any CPU
		{7D3CBD7A-9156-4303-ACC5-E0FF156092C5}.Release|Any CPU.ActiveCfg = Release|Any CPU
		{7D3CBD7A-9156-4303-ACC5-E0FF156092C5}.Release|Any CPU.Build.0 = Release|Any CPU
		{7D3CBD7A-9156-4303-ACC5-E0FF156092C5}.Release|x64.ActiveCfg = Release|x64
		{7D3CBD7A-9156-4303-ACC5-E0FF156092C5}.Release|x64.Build.0 = Release|x64
		{7D3CBD7A-9156-4303-ACC5-E0FF156092C5}.Release|x86.ActiveCfg = Release|Any CPU
		{7D3CBD7A-9156-4303-ACC5-E0FF156092C5}.Release|x86.Build.0 = Release|Any CPU
		{752D850B-869C-4061-A1B8-91E4A68CA0C7}.Debug|Any CPU.ActiveCfg = Debug|Any CPU
		{752D850B-869C-4061-A1B8-91E4A68CA0C7}.Debug|Any CPU.Build.0 = Debug|Any CPU
		{752D850B-869C-4061-A1B8-91E4A68CA0C7}.Debug|x64.ActiveCfg = Debug|x64
		{752D850B-869C-4061-A1B8-91E4A68CA0C7}.Debug|x64.Build.0 = Debug|x64
		{752D850B-869C-4061-A1B8-91E4A68CA0C7}.Debug|x86.ActiveCfg = Debug|Any CPU
		{752D850B-869C-4061-A1B8-91E4A68CA0C7}.Debug|x86.Build.0 = Debug|Any CPU
		{752D850B-869C-4061-A1B8-91E4A68CA0C7}.Release|Any CPU.ActiveCfg = Release|Any CPU
		{752D850B-869C-4061-A1B8-91E4A68CA0C7}.Release|Any CPU.Build.0 = Release|Any CPU
		{752D850B-869C-4061-A1B8-91E4A68CA0C7}.Release|x64.ActiveCfg = Release|x64
		{752D850B-869C-4061-A1B8-91E4A68CA0C7}.Release|x64.Build.0 = Release|x64
		{752D850B-869C-4061-A1B8-91E4A68CA0C7}.Release|x86.ActiveCfg = Release|Any CPU
		{752D850B-869C-4061-A1B8-91E4A68CA0C7}.Release|x86.Build.0 = Release|Any CPU
		{2E6A851A-2DC8-47E6-B453-CBBB0ED6FF3B}.Debug|Any CPU.ActiveCfg = Debug|Any CPU
		{2E6A851A-2DC8-47E6-B453-CBBB0ED6FF3B}.Debug|Any CPU.Build.0 = Debug|Any CPU
		{2E6A851A-2DC8-47E6-B453-CBBB0ED6FF3B}.Debug|x64.ActiveCfg = Debug|x64
		{2E6A851A-2DC8-47E6-B453-CBBB0ED6FF3B}.Debug|x64.Build.0 = Debug|x64
		{2E6A851A-2DC8-47E6-B453-CBBB0ED6FF3B}.Debug|x86.ActiveCfg = Debug|Any CPU
		{2E6A851A-2DC8-47E6-B453-CBBB0ED6FF3B}.Debug|x86.Build.0 = Debug|Any CPU
		{2E6A851A-2DC8-47E6-B453-CBBB0ED6FF3B}.Release|Any CPU.ActiveCfg = Release|Any CPU
		{2E6A851A-2DC8-47E6-B453-CBBB0ED6FF3B}.Release|Any CPU.Build.0 = Release|Any CPU
		{2E6A851A-2DC8-47E6-B453-CBBB0ED6FF3B}.Release|x64.ActiveCfg = Release|x64
		{2E6A851A-2DC8-47E6-B453-CBBB0ED6FF3B}.Release|x64.Build.0 = Release|x64
		{2E6A851A-2DC8-47E6-B453-CBBB0ED6FF3B}.Release|x86.ActiveCfg = Release|Any CPU
		{2E6A851A-2DC8-47E6-B453-CBBB0ED6FF3B}.Release|x86.Build.0 = Release|Any CPU
		{6EBA2D7E-FFFF-43A5-A900-F6A298EBABD9}.Debug|Any CPU.ActiveCfg = Debug|Any CPU
		{6EBA2D7E-FFFF-43A5-A900-F6A298EBABD9}.Debug|Any CPU.Build.0 = Debug|Any CPU
		{6EBA2D7E-FFFF-43A5-A900-F6A298EBABD9}.Debug|x64.ActiveCfg = Debug|Any CPU
		{6EBA2D7E-FFFF-43A5-A900-F6A298EBABD9}.Debug|x64.Build.0 = Debug|Any CPU
		{6EBA2D7E-FFFF-43A5-A900-F6A298EBABD9}.Debug|x86.ActiveCfg = Debug|Any CPU
		{6EBA2D7E-FFFF-43A5-A900-F6A298EBABD9}.Debug|x86.Build.0 = Debug|Any CPU
		{6EBA2D7E-FFFF-43A5-A900-F6A298EBABD9}.Release|Any CPU.ActiveCfg = Release|Any CPU
		{6EBA2D7E-FFFF-43A5-A900-F6A298EBABD9}.Release|Any CPU.Build.0 = Release|Any CPU
		{6EBA2D7E-FFFF-43A5-A900-F6A298EBABD9}.Release|x64.ActiveCfg = Release|Any CPU
		{6EBA2D7E-FFFF-43A5-A900-F6A298EBABD9}.Release|x64.Build.0 = Release|Any CPU
		{6EBA2D7E-FFFF-43A5-A900-F6A298EBABD9}.Release|x86.ActiveCfg = Release|Any CPU
		{6EBA2D7E-FFFF-43A5-A900-F6A298EBABD9}.Release|x86.Build.0 = Release|Any CPU
		{3635FF5C-B0C5-4AA2-BE16-E55D90D606A9}.Debug|Any CPU.ActiveCfg = Debug|x64
		{3635FF5C-B0C5-4AA2-BE16-E55D90D606A9}.Debug|Any CPU.Build.0 = Debug|x64
		{3635FF5C-B0C5-4AA2-BE16-E55D90D606A9}.Debug|x64.ActiveCfg = Debug|x64
		{3635FF5C-B0C5-4AA2-BE16-E55D90D606A9}.Debug|x64.Build.0 = Debug|x64
		{3635FF5C-B0C5-4AA2-BE16-E55D90D606A9}.Debug|x86.ActiveCfg = Debug|x64
		{3635FF5C-B0C5-4AA2-BE16-E55D90D606A9}.Debug|x86.Build.0 = Debug|x64
		{3635FF5C-B0C5-4AA2-BE16-E55D90D606A9}.Release|Any CPU.ActiveCfg = Release|x64
		{3635FF5C-B0C5-4AA2-BE16-E55D90D606A9}.Release|Any CPU.Build.0 = Release|x64
		{3635FF5C-B0C5-4AA2-BE16-E55D90D606A9}.Release|x64.ActiveCfg = Release|x64
		{3635FF5C-B0C5-4AA2-BE16-E55D90D606A9}.Release|x64.Build.0 = Release|x64
		{3635FF5C-B0C5-4AA2-BE16-E55D90D606A9}.Release|x86.ActiveCfg = Release|x64
		{3635FF5C-B0C5-4AA2-BE16-E55D90D606A9}.Release|x86.Build.0 = Release|x64
		{BA2A4AF6-89B6-48C4-82D5-A4DC65D00297}.Debug|Any CPU.ActiveCfg = Debug|Any CPU
		{BA2A4AF6-89B6-48C4-82D5-A4DC65D00297}.Debug|Any CPU.Build.0 = Debug|Any CPU
		{BA2A4AF6-89B6-48C4-82D5-A4DC65D00297}.Debug|x64.ActiveCfg = Debug|Any CPU
		{BA2A4AF6-89B6-48C4-82D5-A4DC65D00297}.Debug|x64.Build.0 = Debug|Any CPU
		{BA2A4AF6-89B6-48C4-82D5-A4DC65D00297}.Debug|x86.ActiveCfg = Debug|Any CPU
		{BA2A4AF6-89B6-48C4-82D5-A4DC65D00297}.Debug|x86.Build.0 = Debug|Any CPU
		{BA2A4AF6-89B6-48C4-82D5-A4DC65D00297}.Release|Any CPU.ActiveCfg = Release|Any CPU
		{BA2A4AF6-89B6-48C4-82D5-A4DC65D00297}.Release|Any CPU.Build.0 = Release|Any CPU
		{BA2A4AF6-89B6-48C4-82D5-A4DC65D00297}.Release|x64.ActiveCfg = Release|Any CPU
		{BA2A4AF6-89B6-48C4-82D5-A4DC65D00297}.Release|x64.Build.0 = Release|Any CPU
		{BA2A4AF6-89B6-48C4-82D5-A4DC65D00297}.Release|x86.ActiveCfg = Release|Any CPU
		{BA2A4AF6-89B6-48C4-82D5-A4DC65D00297}.Release|x86.Build.0 = Release|Any CPU
		{CF2CDD60-308D-4855-AA7D-0838D6DD69F9}.Debug|Any CPU.ActiveCfg = Debug|Any CPU
		{CF2CDD60-308D-4855-AA7D-0838D6DD69F9}.Debug|Any CPU.Build.0 = Debug|Any CPU
		{CF2CDD60-308D-4855-AA7D-0838D6DD69F9}.Debug|x64.ActiveCfg = Debug|x64
		{CF2CDD60-308D-4855-AA7D-0838D6DD69F9}.Debug|x64.Build.0 = Debug|x64
		{CF2CDD60-308D-4855-AA7D-0838D6DD69F9}.Debug|x86.ActiveCfg = Debug|Any CPU
		{CF2CDD60-308D-4855-AA7D-0838D6DD69F9}.Debug|x86.Build.0 = Debug|Any CPU
		{CF2CDD60-308D-4855-AA7D-0838D6DD69F9}.Release|Any CPU.ActiveCfg = Release|Any CPU
		{CF2CDD60-308D-4855-AA7D-0838D6DD69F9}.Release|Any CPU.Build.0 = Release|Any CPU
		{CF2CDD60-308D-4855-AA7D-0838D6DD69F9}.Release|x64.ActiveCfg = Release|x64
		{CF2CDD60-308D-4855-AA7D-0838D6DD69F9}.Release|x64.Build.0 = Release|x64
		{CF2CDD60-308D-4855-AA7D-0838D6DD69F9}.Release|x86.ActiveCfg = Release|Any CPU
		{CF2CDD60-308D-4855-AA7D-0838D6DD69F9}.Release|x86.Build.0 = Release|Any CPU
		{2608D785-7E26-4007-AA02-1CA68BC2B554}.Debug|Any CPU.ActiveCfg = Debug|Any CPU
		{2608D785-7E26-4007-AA02-1CA68BC2B554}.Debug|Any CPU.Build.0 = Debug|Any CPU
		{2608D785-7E26-4007-AA02-1CA68BC2B554}.Debug|x64.ActiveCfg = Debug|Any CPU
		{2608D785-7E26-4007-AA02-1CA68BC2B554}.Debug|x64.Build.0 = Debug|Any CPU
		{2608D785-7E26-4007-AA02-1CA68BC2B554}.Debug|x86.ActiveCfg = Debug|Any CPU
		{2608D785-7E26-4007-AA02-1CA68BC2B554}.Debug|x86.Build.0 = Debug|Any CPU
		{2608D785-7E26-4007-AA02-1CA68BC2B554}.Release|Any CPU.ActiveCfg = Release|Any CPU
		{2608D785-7E26-4007-AA02-1CA68BC2B554}.Release|Any CPU.Build.0 = Release|Any CPU
		{2608D785-7E26-4007-AA02-1CA68BC2B554}.Release|x64.ActiveCfg = Release|Any CPU
		{2608D785-7E26-4007-AA02-1CA68BC2B554}.Release|x64.Build.0 = Release|Any CPU
		{2608D785-7E26-4007-AA02-1CA68BC2B554}.Release|x86.ActiveCfg = Release|Any CPU
		{2608D785-7E26-4007-AA02-1CA68BC2B554}.Release|x86.Build.0 = Release|Any CPU
	EndGlobalSection
	GlobalSection(SolutionProperties) = preSolution
		HideSolutionNode = FALSE
	EndGlobalSection
	GlobalSection(NestedProjects) = preSolution
		{2608D785-7E26-4007-AA02-1CA68BC2B554} = {3EF180D9-BF9B-E0F5-71C5-20E5566128DE}
	EndGlobalSection
EndGlobal
