
Microsoft Visual Studio Solution File, Format Version 12.00
VisualStudioVersion = 18.5.11716.220
MinimumVisualStudioVersion = 10.0.40219.1
Project("{FAE04EC0-301F-11D3-BF4B-00C04F79EFBC}") = "ServerCommunication", "ServerCommunication\ServerCommunication.csproj", "{D530BC7B-F02E-42B7-A2E3-8A9387A32B34}"
EndProject
Project("{FAE04EC0-301F-11D3-BF4B-00C04F79EFBC}") = "NotificationServer", "NotificationServer\NotificationServer.csproj", "{D69C389D-3C2C-452C-8281-C82D4FB8728E}"
EndProject
Project("{FAE04EC0-301F-11D3-BF4B-00C04F79EFBC}") = "BoardRentAndProperty", "BoardRentAndProperty\BoardRentAndProperty.csproj", "{1E96395E-D697-492C-AA44-E722B3476620}"
EndProject
Project("{FAE04EC0-301F-11D3-BF4B-00C04F79EFBC}") = "BoardRentAndProperty.Tests", "BoardRentAndProperty.Tests\BoardRentAndProperty.Tests.csproj", "{C5644BB7-F038-4523-A9E3-85E3CD425A94}"
EndProject
Project("{FAE04EC0-301F-11D3-BF4B-00C04F79EFBC}") = "BoardRentAndProperty.Contracts", "BoardRentAndProperty.Contracts\BoardRentAndProperty.Contracts.csproj", "{64F46D0B-750B-4B7B-990B-FFBFE4378C33}"
EndProject
Project("{FAE04EC0-301F-11D3-BF4B-00C04F79EFBC}") = "BoardRentAndProperty.Api", "BoardRentAndProperty.Api\BoardRentAndProperty.Api.csproj", "{1D47974C-3695-4944-8291-8459E7BA9E8F}"
EndProject
Global
	GlobalSection(SolutionConfigurationPlatforms) = preSolution
		Debug|Any CPU = Debug|Any CPU
		Debug|x64 = Debug|x64
		Debug|x86 = Debug|x86
		Release|Any CPU = Release|Any CPU
		Release|x64 = Release|x64
		Release|x86 = Release|x86
	EndGlobalSection
	GlobalSection(ProjectConfigurationPlatforms) = postSolution
		{D530BC7B-F02E-42B7-A2E3-8A9387A32B34}.Debug|Any CPU.ActiveCfg = Debug|Any CPU
		{D530BC7B-F02E-42B7-A2E3-8A9387A32B34}.Debug|Any CPU.Build.0 = Debug|Any CPU
		{D530BC7B-F02E-42B7-A2E3-8A9387A32B34}.Debug|x64.ActiveCfg = Debug|x64
		{D530BC7B-F02E-42B7-A2E3-8A9387A32B34}.Debug|x64.Build.0 = Debug|x64
		{D530BC7B-F02E-42B7-A2E3-8A9387A32B34}.Debug|x86.ActiveCfg = Debug|Any CPU
		{D530BC7B-F02E-42B7-A2E3-8A9387A32B34}.Debug|x86.Build.0 = Debug|Any CPU
		{D530BC7B-F02E-42B7-A2E3-8A9387A32B34}.Release|Any CPU.ActiveCfg = Release|Any CPU
		{D530BC7B-F02E-42B7-A2E3-8A9387A32B34}.Release|Any CPU.Build.0 = Release|Any CPU
		{D530BC7B-F02E-42B7-A2E3-8A9387A32B34}.Release|x64.ActiveCfg = Release|x64
		{D530BC7B-F02E-42B7-A2E3-8A9387A32B34}.Release|x64.Build.0 = Release|x64
		{D530BC7B-F02E-42B7-A2E3-8A9387A32B34}.Release|x86.ActiveCfg = Release|Any CPU
		{D530BC7B-F02E-42B7-A2E3-8A9387A32B34}.Release|x86.Build.0 = Release|Any CPU
		{D69C389D-3C2C-452C-8281-C82D4FB8728E}.Debug|Any CPU.ActiveCfg = Debug|Any CPU
		{D69C389D-3C2C-452C-8281-C82D4FB8728E}.Debug|Any CPU.Build.0 = Debug|Any CPU
		{D69C389D-3C2C-452C-8281-C82D4FB8728E}.Debug|x64.ActiveCfg = Debug|x64
		{D69C389D-3C2C-452C-8281-C82D4FB8728E}.Debug|x64.Build.0 = Debug|x64
		{D69C389D-3C2C-452C-8281-C82D4FB8728E}.Debug|x86.ActiveCfg = Debug|Any CPU
		{D69C389D-3C2C-452C-8281-C82D4FB8728E}.Debug|x86.Build.0 = Debug|Any CPU
		{D69C389D-3C2C-452C-8281-C82D4FB8728E}.Release|Any CPU.ActiveCfg = Release|Any CPU
		{D69C389D-3C2C-452C-8281-C82D4FB8728E}.Release|Any CPU.Build.0 = Release|Any CPU
		{D69C389D-3C2C-452C-8281-C82D4FB8728E}.Release|x64.ActiveCfg = Release|x64
		{D69C389D-3C2C-452C-8281-C82D4FB8728E}.Release|x64.Build.0 = Release|x64
		{D69C389D-3C2C-452C-8281-C82D4FB8728E}.Release|x86.ActiveCfg = Release|Any CPU
		{D69C389D-3C2C-452C-8281-C82D4FB8728E}.Release|x86.Build.0 = Release|Any CPU
		{1E96395E-D697-492C-AA44-E722B3476620}.Debug|Any CPU.ActiveCfg = Debug|x64
		{1E96395E-D697-492C-AA44-E722B3476620}.Debug|Any CPU.Build.0 = Debug|x64
		{1E96395E-D697-492C-AA44-E722B3476620}.Debug|x64.ActiveCfg = Debug|x64
		{1E96395E-D697-492C-AA44-E722B3476620}.Debug|x64.Build.0 = Debug|x64
		{1E96395E-D697-492C-AA44-E722B3476620}.Debug|x86.ActiveCfg = Debug|x64
		{1E96395E-D697-492C-AA44-E722B3476620}.Debug|x86.Build.0 = Debug|x64
		{1E96395E-D697-492C-AA44-E722B3476620}.Release|Any CPU.ActiveCfg = Release|x64
		{1E96395E-D697-492C-AA44-E722B3476620}.Release|Any CPU.Build.0 = Release|x64
		{1E96395E-D697-492C-AA44-E722B3476620}.Release|x64.ActiveCfg = Release|x64
		{1E96395E-D697-492C-AA44-E722B3476620}.Release|x64.Build.0 = Release|x64
		{1E96395E-D697-492C-AA44-E722B3476620}.Release|x86.ActiveCfg = Release|x64
		{1E96395E-D697-492C-AA44-E722B3476620}.Release|x86.Build.0 = Release|x64
		{C5644BB7-F038-4523-A9E3-85E3CD425A94}.Debug|Any CPU.ActiveCfg = Debug|x64
		{C5644BB7-F038-4523-A9E3-85E3CD425A94}.Debug|Any CPU.Build.0 = Debug|x64
		{C5644BB7-F038-4523-A9E3-85E3CD425A94}.Debug|x64.ActiveCfg = Debug|x64
		{C5644BB7-F038-4523-A9E3-85E3CD425A94}.Debug|x64.Build.0 = Debug|x64
		{C5644BB7-F038-4523-A9E3-85E3CD425A94}.Debug|x86.ActiveCfg = Debug|x64
		{C5644BB7-F038-4523-A9E3-85E3CD425A94}.Debug|x86.Build.0 = Debug|x64
		{C5644BB7-F038-4523-A9E3-85E3CD425A94}.Release|Any CPU.ActiveCfg = Release|x64
		{C5644BB7-F038-4523-A9E3-85E3CD425A94}.Release|Any CPU.Build.0 = Release|x64
		{C5644BB7-F038-4523-A9E3-85E3CD425A94}.Release|x64.ActiveCfg = Release|x64
		{C5644BB7-F038-4523-A9E3-85E3CD425A94}.Release|x64.Build.0 = Release|x64
		{C5644BB7-F038-4523-A9E3-85E3CD425A94}.Release|x86.ActiveCfg = Release|x64
		{C5644BB7-F038-4523-A9E3-85E3CD425A94}.Release|x86.Build.0 = Release|x64
		{64F46D0B-750B-4B7B-990B-FFBFE4378C33}.Debug|Any CPU.ActiveCfg = Debug|Any CPU
		{64F46D0B-750B-4B7B-990B-FFBFE4378C33}.Debug|Any CPU.Build.0 = Debug|Any CPU
		{64F46D0B-750B-4B7B-990B-FFBFE4378C33}.Debug|x64.ActiveCfg = Debug|x64
		{64F46D0B-750B-4B7B-990B-FFBFE4378C33}.Debug|x64.Build.0 = Debug|x64
		{64F46D0B-750B-4B7B-990B-FFBFE4378C33}.Debug|x86.ActiveCfg = Debug|Any CPU
		{64F46D0B-750B-4B7B-990B-FFBFE4378C33}.Debug|x86.Build.0 = Debug|Any CPU
		{64F46D0B-750B-4B7B-990B-FFBFE4378C33}.Release|Any CPU.ActiveCfg = Release|Any CPU
		{64F46D0B-750B-4B7B-990B-FFBFE4378C33}.Release|Any CPU.Build.0 = Release|Any CPU
		{64F46D0B-750B-4B7B-990B-FFBFE4378C33}.Release|x64.ActiveCfg = Release|x64
		{64F46D0B-750B-4B7B-990B-FFBFE4378C33}.Release|x64.Build.0 = Release|x64
		{64F46D0B-750B-4B7B-990B-FFBFE4378C33}.Release|x86.ActiveCfg = Release|Any CPU
		{64F46D0B-750B-4B7B-990B-FFBFE4378C33}.Release|x86.Build.0 = Release|Any CPU
		{1D47974C-3695-4944-8291-8459E7BA9E8F}.Debug|Any CPU.ActiveCfg = Debug|Any CPU
		{1D47974C-3695-4944-8291-8459E7BA9E8F}.Debug|Any CPU.Build.0 = Debug|Any CPU
		{1D47974C-3695-4944-8291-8459E7BA9E8F}.Debug|x64.ActiveCfg = Debug|Any CPU
		{1D47974C-3695-4944-8291-8459E7BA9E8F}.Debug|x64.Build.0 = Debug|Any CPU
		{1D47974C-3695-4944-8291-8459E7BA9E8F}.Debug|x86.ActiveCfg = Debug|Any CPU
		{1D47974C-3695-4944-8291-8459E7BA9E8F}.Debug|x86.Build.0 = Debug|Any CPU
		{1D47974C-3695-4944-8291-8459E7BA9E8F}.Release|Any CPU.ActiveCfg = Release|Any CPU
		{1D47974C-3695-4944-8291-8459E7BA9E8F}.Release|Any CPU.Build.0 = Release|Any CPU
		{1D47974C-3695-4944-8291-8459E7BA9E8F}.Release|x64.ActiveCfg = Release|Any CPU
		{1D47974C-3695-4944-8291-8459E7BA9E8F}.Release|x64.Build.0 = Release|Any CPU
		{1D47974C-3695-4944-8291-8459E7BA9E8F}.Release|x86.ActiveCfg = Release|Any CPU
		{1D47974C-3695-4944-8291-8459E7BA9E8F}.Release|x86.Build.0 = Release|Any CPU
	EndGlobalSection
	GlobalSection(SolutionProperties) = preSolution
		HideSolutionNode = FALSE
	EndGlobalSection
EndGlobal
